
Microsoft Visual Studio Solution File, Format Version 12.00
# Visual Studio Version 17
VisualStudioVersion = 17.12.35514.174 d17.12
MinimumVisualStudioVersion = 10.0.40219.1
Project("{FAE04EC0-301F-11D3-BF4B-00C04F79EFBC}") = "Hospital", "Habit\Hospital.csproj", "{57798F47-4919-4B7C-8876-A0A5A24E9DE7}"
EndProject
Global
	GlobalSection(SolutionConfigurationPlatforms) = preSolution
		Debug|Any CPU = Debug|Any CPU
		Release|Any CPU = Release|Any CPU
	EndGlobalSection
	GlobalSection(ProjectConfigurationPlatforms) = postSolution
		{57798F47-4919-4B7C-8876-A0A5A24E9DE7}.Debug|Any CPU.ActiveCfg = Debug|Any CPU
		{57798F47-4919-4B7C-8876-A0A5A24E9DE7}.Debug|Any CPU.Build.0 = Debug|Any CPU
		{57798F47-4919-4B7C-8876-A0A5A24E9DE7}.Release|Any CPU.ActiveCfg = Release|Any CPU
		{57798F47-4919-4B7C-8876-A0A5A24E9DE7}.Release|Any CPU.Build.0 = Release|Any CPU
	EndGlobalSection
	GlobalSection(SolutionProperties) = preSolution
		HideSolutionNode = FALSE
	EndGlobalSection
EndGlobal
